// !$*UTF8*$!
{
	archiveVersion = 1;
	classes = {
	};
	objectVersion = 50;
	objects = {

/* Begin PBXBuildFile section */
		1CB29CE0434ED88A17B5E293 /* Pods_UT_Demo.framework in Frameworks */ = {isa = PBXBuildFile; fileRef = 3B6BC7C241ACE684EBFBA14C /* Pods_UT_Demo.framework */; };
		7B854FD07F6CC15CB42DC5D9 /* Pods_UT_DemoUITests.framework in Frameworks */ = {isa = PBXBuildFile; fileRef = C4599092616A8CB164C2BCD1 /* Pods_UT_DemoUITests.framework */; };
		BD2ED1B022F2858900D6C463 /* AppDelegate.swift in Sources */ = {isa = PBXBuildFile; fileRef = BD2ED1AF22F2858900D6C463 /* AppDelegate.swift */; };
		BD2ED1B222F2858900D6C463 /* ViewController.swift in Sources */ = {isa = PBXBuildFile; fileRef = BD2ED1B122F2858900D6C463 /* ViewController.swift */; };
		BD2ED1B522F2858900D6C463 /* Main.storyboard in Resources */ = {isa = PBXBuildFile; fileRef = BD2ED1B322F2858900D6C463 /* Main.storyboard */; };
		BD2ED1B722F2858A00D6C463 /* Assets.xcassets in Resources */ = {isa = PBXBuildFile; fileRef = BD2ED1B622F2858A00D6C463 /* Assets.xcassets */; };
		BD2ED1BA22F2858A00D6C463 /* LaunchScreen.storyboard in Resources */ = {isa = PBXBuildFile; fileRef = BD2ED1B822F2858A00D6C463 /* LaunchScreen.storyboard */; };
		BD2ED1C522F2858A00D6C463 /* UT_DemoUITests.swift in Sources */ = {isa = PBXBuildFile; fileRef = BD2ED1C422F2858A00D6C463 /* UT_DemoUITests.swift */; };
/* End PBXBuildFile section */

/* Begin PBXContainerItemProxy section */
		BD2ED1C122F2858A00D6C463 /* PBXContainerItemProxy */ = {
			isa = PBXContainerItemProxy;
			containerPortal = BD2ED1A422F2858900D6C463 /* Project object */;
			proxyType = 1;
			remoteGlobalIDString = BD2ED1AB22F2858900D6C463;
			remoteInfo = "UT-Demo";
		};
/* End PBXContainerItemProxy section */

/* Begin PBXFileReference section */
		3B6BC7C241ACE684EBFBA14C /* Pods_UT_Demo.framework */ = {isa = PBXFileReference; explicitFileType = wrapper.framework; includeInIndex = 0; path = Pods_UT_Demo.framework; sourceTree = BUILT_PRODUCTS_DIR; };
		59E21329A7F5D852297B8671 /* Pods-UT-Demo.debug.xcconfig */ = {isa = PBXFileReference; includeInIndex = 1; lastKnownFileType = text.xcconfig; name = "Pods-UT-Demo.debug.xcconfig"; path = "Pods/Target Support Files/Pods-UT-Demo/Pods-UT-Demo.debug.xcconfig"; sourceTree = "<group>"; };
		780E9552F3033A138FAE5253 /* Pods-UT-DemoUITests.debug.xcconfig */ = {isa = PBXFileReference; includeInIndex = 1; lastKnownFileType = text.xcconfig; name = "Pods-UT-DemoUITests.debug.xcconfig"; path = "Pods/Target Support Files/Pods-UT-DemoUITests/Pods-UT-DemoUITests.debug.xcconfig"; sourceTree = "<group>"; };
		95276335050855231BB6A9B6 /* Pods-UT-DemoUITests.release.xcconfig */ = {isa = PBXFileReference; includeInIndex = 1; lastKnownFileType = text.xcconfig; name = "Pods-UT-DemoUITests.release.xcconfig"; path = "Pods/Target Support Files/Pods-UT-DemoUITests/Pods-UT-DemoUITests.release.xcconfig"; sourceTree = "<group>"; };
		B600EFF7880946B58E833AD6 /* Pods-UT-Demo.release.xcconfig */ = {isa = PBXFileReference; includeInIndex = 1; lastKnownFileType = text.xcconfig; name = "Pods-UT-Demo.release.xcconfig"; path = "Pods/Target Support Files/Pods-UT-Demo/Pods-UT-Demo.release.xcconfig"; sourceTree = "<group>"; };
		BD2ED1AC22F2858900D6C463 /* UT-Demo.app */ = {isa = PBXFileReference; explicitFileType = wrapper.application; includeInIndex = 0; path = "UT-Demo.app"; sourceTree = BUILT_PRODUCTS_DIR; };
		BD2ED1AF22F2858900D6C463 /* AppDelegate.swift */ = {isa = PBXFileReference; lastKnownFileType = sourcecode.swift; path = AppDelegate.swift; sourceTree = "<group>"; };
		BD2ED1B122F2858900D6C463 /* ViewController.swift */ = {isa = PBXFileReference; lastKnownFileType = sourcecode.swift; path = ViewController.swift; sourceTree = "<group>"; };
		BD2ED1B422F2858900D6C463 /* Base */ = {isa = PBXFileReference; lastKnownFileType = file.storyboard; name = Base; path = Base.lproj/Main.storyboard; sourceTree = "<group>"; };
		BD2ED1B622F2858A00D6C463 /* Assets.xcassets */ = {isa = PBXFileReference; lastKnownFileType = folder.assetcatalog; path = Assets.xcassets; sourceTree = "<group>"; };
		BD2ED1B922F2858A00D6C463 /* Base */ = {isa = PBXFileReference; lastKnownFileType = file.storyboard; name = Base; path = Base.lproj/LaunchScreen.storyboard; sourceTree = "<group>"; };
		BD2ED1BB22F2858A00D6C463 /* Info.plist */ = {isa = PBXFileReference; lastKnownFileType = text.plist.xml; path = Info.plist; sourceTree = "<group>"; };
		BD2ED1C022F2858A00D6C463 /* UT-DemoUITests.xctest */ = {isa = PBXFileReference; explicitFileType = wrapper.cfbundle; includeInIndex = 0; path = "UT-DemoUITests.xctest"; sourceTree = BUILT_PRODUCTS_DIR; };
		BD2ED1C422F2858A00D6C463 /* UT_DemoUITests.swift */ = {isa = PBXFileReference; lastKnownFileType = sourcecode.swift; path = UT_DemoUITests.swift; sourceTree = "<group>"; };
		BD2ED1C622F2858A00D6C463 /* Info.plist */ = {isa = PBXFileReference; lastKnownFileType = text.plist.xml; path = Info.plist; sourceTree = "<group>"; };
		C4599092616A8CB164C2BCD1 /* Pods_UT_DemoUITests.framework */ = {isa = PBXFileReference; explicitFileType = wrapper.framework; includeInIndex = 0; path = Pods_UT_DemoUITests.framework; sourceTree = BUILT_PRODUCTS_DIR; };
/* End PBXFileReference section */

/* Begin PBXFrameworksBuildPhase section */
		BD2ED1A922F2858900D6C463 /* Frameworks */ = {
			isa = PBXFrameworksBuildPhase;
			buildActionMask = 2147483647;
			files = (
				1CB29CE0434ED88A17B5E293 /* Pods_UT_Demo.framework in Frameworks */,
			);
			runOnlyForDeploymentPostprocessing = 0;
		};
		BD2ED1BD22F2858A00D6C463 /* Frameworks */ = {
			isa = PBXFrameworksBuildPhase;
			buildActionMask = 2147483647;
			files = (
				7B854FD07F6CC15CB42DC5D9 /* Pods_UT_DemoUITests.framework in Frameworks */,
			);
			runOnlyForDeploymentPostprocessing = 0;
		};
/* End PBXFrameworksBuildPhase section */

/* Begin PBXGroup section */
		151842B0E22332F65CFE0606 /* Pods */ = {
			isa = PBXGroup;
			children = (
				59E21329A7F5D852297B8671 /* Pods-UT-Demo.debug.xcconfig */,
				B600EFF7880946B58E833AD6 /* Pods-UT-Demo.release.xcconfig */,
				780E9552F3033A138FAE5253 /* Pods-UT-DemoUITests.debug.xcconfig */,
				95276335050855231BB6A9B6 /* Pods-UT-DemoUITests.release.xcconfig */,
			);
			name = Pods;
			sourceTree = "<group>";
		};
		265EBAF34F2F0B406CD2C5AA /* Frameworks */ = {
			isa = PBXGroup;
			children = (
				3B6BC7C241ACE684EBFBA14C /* Pods_UT_Demo.framework */,
				C4599092616A8CB164C2BCD1 /* Pods_UT_DemoUITests.framework */,
			);
			name = Frameworks;
			sourceTree = "<group>";
		};
		BD2ED1A322F2858900D6C463 = {
			isa = PBXGroup;
			children = (
				BD2ED1AE22F2858900D6C463 /* UT-Demo */,
				BD2ED1C322F2858A00D6C463 /* UT-DemoUITests */,
				BD2ED1AD22F2858900D6C463 /* Products */,
				151842B0E22332F65CFE0606 /* Pods */,
				265EBAF34F2F0B406CD2C5AA /* Frameworks */,
			);
			sourceTree = "<group>";
		};
		BD2ED1AD22F2858900D6C463 /* Products */ = {
			isa = PBXGroup;
			children = (
				BD2ED1AC22F2858900D6C463 /* UT-Demo.app */,
				BD2ED1C022F2858A00D6C463 /* UT-DemoUITests.xctest */,
			);
			name = Products;
			sourceTree = "<group>";
		};
		BD2ED1AE22F2858900D6C463 /* UT-Demo */ = {
			isa = PBXGroup;
			children = (
				BD2ED1AF22F2858900D6C463 /* AppDelegate.swift */,
				BD2ED1B122F2858900D6C463 /* ViewController.swift */,
				BD2ED1B322F2858900D6C463 /* Main.storyboard */,
				BD2ED1B622F2858A00D6C463 /* Assets.xcassets */,
				BD2ED1B822F2858A00D6C463 /* LaunchScreen.storyboard */,
				BD2ED1BB22F2858A00D6C463 /* Info.plist */,
			);
			path = "UT-Demo";
			sourceTree = "<group>";
		};
		BD2ED1C322F2858A00D6C463 /* UT-DemoUITests */ = {
			isa = PBXGroup;
			children = (
				BD2ED1C422F2858A00D6C463 /* UT_DemoUITests.swift */,
				BD2ED1C622F2858A00D6C463 /* Info.plist */,
			);
			path = "UT-DemoUITests";
			sourceTree = "<group>";
		};
/* End PBXGroup section */

/* Begin PBXNativeTarget section */
		BD2ED1AB22F2858900D6C463 /* UT-Demo */ = {
			isa = PBXNativeTarget;
			buildConfigurationList = BD2ED1C922F2858A00D6C463 /* Build configuration list for PBXNativeTarget "UT-Demo" */;
			buildPhases = (
				E56128421C60F2DDF16DD049 /* [CP] Check Pods Manifest.lock */,
				BD2ED1A822F2858900D6C463 /* Sources */,
				BD2ED1A922F2858900D6C463 /* Frameworks */,
				BD2ED1AA22F2858900D6C463 /* Resources */,
				B08B4AA594BB8F0208474F87 /* [CP] Embed Pods Frameworks */,
			);
			buildRules = (
			);
			dependencies = (
			);
			name = "UT-Demo";
			productName = "UT-Demo";
			productReference = BD2ED1AC22F2858900D6C463 /* UT-Demo.app */;
			productType = "com.apple.product-type.application";
		};
		BD2ED1BF22F2858A00D6C463 /* UT-DemoUITests */ = {
			isa = PBXNativeTarget;
			buildConfigurationList = BD2ED1CC22F2858A00D6C463 /* Build configuration list for PBXNativeTarget "UT-DemoUITests" */;
			buildPhases = (
				9E3633AEE269D55473A20701 /* [CP] Check Pods Manifest.lock */,
				BD2ED1BC22F2858A00D6C463 /* Sources */,
				BD2ED1BD22F2858A00D6C463 /* Frameworks */,
				BD2ED1BE22F2858A00D6C463 /* Resources */,
			);
			buildRules = (
			);
			dependencies = (
				BD2ED1C222F2858A00D6C463 /* PBXTargetDependency */,
			);
			name = "UT-DemoUITests";
			productName = "UT-DemoUITests";
			productReference = BD2ED1C022F2858A00D6C463 /* UT-DemoUITests.xctest */;
			productType = "com.apple.product-type.bundle.ui-testing";
		};
/* End PBXNativeTarget section */

/* Begin PBXProject section */
		BD2ED1A422F2858900D6C463 /* Project object */ = {
			isa = PBXProject;
			attributes = {
				LastSwiftUpdateCheck = 1030;
				LastUpgradeCheck = 1030;
				ORGANIZATIONNAME = maithigiang;
				TargetAttributes = {
					BD2ED1AB22F2858900D6C463 = {
						CreatedOnToolsVersion = 10.3;
					};
					BD2ED1BF22F2858A00D6C463 = {
						CreatedOnToolsVersion = 10.3;
						TestTargetID = BD2ED1AB22F2858900D6C463;
					};
				};
			};
			buildConfigurationList = BD2ED1A722F2858900D6C463 /* Build configuration list for PBXProject "UT-Demo" */;
			compatibilityVersion = "Xcode 9.3";
			developmentRegion = en;
			hasScannedForEncodings = 0;
			knownRegions = (
				en,
				Base,
			);
			mainGroup = BD2ED1A322F2858900D6C463;
			productRefGroup = BD2ED1AD22F2858900D6C463 /* Products */;
			projectDirPath = "";
			projectRoot = "";
			targets = (
				BD2ED1AB22F2858900D6C463 /* UT-Demo */,
				BD2ED1BF22F2858A00D6C463 /* UT-DemoUITests */,
			);
		};
/* End PBXProject section */

/* Begin PBXResourcesBuildPhase section */
		BD2ED1AA22F2858900D6C463 /* Resources */ = {
			isa = PBXResourcesBuildPhase;
			buildActionMask = 2147483647;
			files = (
				BD2ED1BA22F2858A00D6C463 /* LaunchScreen.storyboard in Resources */,
				BD2ED1B722F2858A00D6C463 /* Assets.xcassets in Resources */,
				BD2ED1B522F2858900D6C463 /* Main.storyboard in Resources */,
			);
			runOnlyForDeploymentPostprocessing = 0;
		};
		BD2ED1BE22F2858A00D6C463 /* Resources */ = {
			isa = PBXResourcesBuildPhase;
			buildActionMask = 2147483647;
			files = (
			);
			runOnlyForDeploymentPostprocessing = 0;
		};
/* End PBXResourcesBuildPhase section */

/* Begin PBXShellScriptBuildPhase section */
		9E3633AEE269D55473A20701 /* [CP] Check Pods Manifest.lock */ = {
			isa = PBXShellScriptBuildPhase;
			buildActionMask = 2147483647;
			files = (
			);
			inputFileListPaths = (
			);
			inputPaths = (
				"${PODS_PODFILE_DIR_PATH}/Podfile.lock",
				"${PODS_ROOT}/Manifest.lock",
			);
			name = "[CP] Check Pods Manifest.lock";
			outputFileListPaths = (
			);
			outputPaths = (
				"$(DERIVED_FILE_DIR)/Pods-UT-DemoUITests-checkManifestLockResult.txt",
			);
			runOnlyForDeploymentPostprocessing = 0;
			shellPath = /bin/sh;
			shellScript = "diff \"${PODS_PODFILE_DIR_PATH}/Podfile.lock\" \"${PODS_ROOT}/Manifest.lock\" > /dev/null\nif [ $? != 0 ] ; then\n    # print error to STDERR\n    echo \"error: The sandbox is not in sync with the Podfile.lock. Run 'pod install' or update your CocoaPods installation.\" >&2\n    exit 1\nfi\n# This output is used by Xcode 'outputs' to avoid re-running this script phase.\necho \"SUCCESS\" > \"${SCRIPT_OUTPUT_FILE_0}\"\n";
			showEnvVarsInLog = 0;
		};
		B08B4AA594BB8F0208474F87 /* [CP] Embed Pods Frameworks */ = {
			isa = PBXShellScriptBuildPhase;
			buildActionMask = 2147483647;
			files = (
			);
			inputFileListPaths = (
			);
			inputPaths = (
				"${SRCROOT}/Pods/Target Support Files/Pods-UT-Demo/Pods-UT-Demo-frameworks.sh",
				"${BUILT_PRODUCTS_DIR}/Alamofire/Alamofire.framework",
			);
			name = "[CP] Embed Pods Frameworks";
			outputFileListPaths = (
			);
			outputPaths = (
				"${TARGET_BUILD_DIR}/${FRAMEWORKS_FOLDER_PATH}/Alamofire.framework",
			);
			runOnlyForDeploymentPostprocessing = 0;
			shellPath = /bin/sh;
			shellScript = "\"${SRCROOT}/Pods/Target Support Files/Pods-UT-Demo/Pods-UT-Demo-frameworks.sh\"\n";
			showEnvVarsInLog = 0;
		};
		E56128421C60F2DDF16DD049 /* [CP] Check Pods Manifest.lock */ = {
			isa = PBXShellScriptBuildPhase;
			buildActionMask = 2147483647;
			files = (
			);
			inputFileListPaths = (
			);
			inputPaths = (
				"${PODS_PODFILE_DIR_PATH}/Podfile.lock",
				"${PODS_ROOT}/Manifest.lock",
			);
			name = "[CP] Check Pods Manifest.lock";
			outputFileListPaths = (
			);
			outputPaths = (
				"$(DERIVED_FILE_DIR)/Pods-UT-Demo-checkManifestLockResult.txt",
			);
			runOnlyForDeploymentPostprocessing = 0;
			shellPath = /bin/sh;
			shellScript = "diff \"${PODS_PODFILE_DIR_PATH}/Podfile.lock\" \"${PODS_ROOT}/Manifest.lock\" > /dev/null\nif [ $? != 0 ] ; then\n    # print error to STDERR\n    echo \"error: The sandbox is not in sync with the Podfile.lock. Run 'pod install' or update your CocoaPods installation.\" >&2\n    exit 1\nfi\n# This output is used by Xcode 'outputs' to avoid re-running this script phase.\necho \"SUCCESS\" > \"${SCRIPT_OUTPUT_FILE_0}\"\n";
			showEnvVarsInLog = 0;
		};
/* End PBXShellScriptBuildPhase section */

/* Begin PBXSourcesBuildPhase section */
		BD2ED1A822F2858900D6C463 /* Sources */ = {
			isa = PBXSourcesBuildPhase;
			buildActionMask = 2147483647;
			files = (
				BD2ED1B222F2858900D6C463 /* ViewController.swift in Sources */,
				BD2ED1B022F2858900D6C463 /* AppDelegate.swift in Sources */,
			);
			runOnlyForDeploymentPostprocessing = 0;
		};
		BD2ED1BC22F2858A00D6C463 /* Sources */ = {
			isa = PBXSourcesBuildPhase;
			buildActionMask = 2147483647;
			files = (
				BD2ED1C522F2858A00D6C463 /* UT_DemoUITests.swift in Sources */,
			);
			runOnlyForDeploymentPostprocessing = 0;
		};
/* End PBXSourcesBuildPhase section */

/* Begin PBXTargetDependency section */
		BD2ED1C222F2858A00D6C463 /* PBXTargetDependency */ = {
			isa = PBXTargetDependency;
			target = BD2ED1AB22F2858900D6C463 /* UT-Demo */;
			targetProxy = BD2ED1C122F2858A00D6C463 /* PBXContainerItemProxy */;
		};
/* End PBXTargetDependency section */

/* Begin PBXVariantGroup section */
		BD2ED1B322F2858900D6C463 /* Main.storyboard */ = {
			isa = PBXVariantGroup;
			children = (
				BD2ED1B422F2858900D6C463 /* Base */,
			);
			name = Main.storyboard;
			sourceTree = "<group>";
		};
		BD2ED1B822F2858A00D6C463 /* LaunchScreen.storyboard */ = {
			isa = PBXVariantGroup;
			children = (
				BD2ED1B922F2858A00D6C463 /* Base */,
			);
			name = LaunchScreen.storyboard;
			sourceTree = "<group>";
		};
/* End PBXVariantGroup section */

/* Begin XCBuildConfiguration section */
		BD2ED1C722F2858A00D6C463 /* Debug */ = {
			isa = XCBuildConfiguration;
			buildSettings = {
				ALWAYS_SEARCH_USER_PATHS = NO;
				CLANG_ANALYZER_NONNULL = YES;
				CLANG_ANALYZER_NUMBER_OBJECT_CONVERSION = YES_AGGRESSIVE;
				CLANG_CXX_LANGUAGE_STANDARD = "gnu++14";
				CLANG_CXX_LIBRARY = "libc++";
				CLANG_ENABLE_MODULES = YES;
				CLANG_ENABLE_OBJC_ARC = YES;
				CLANG_ENABLE_OBJC_WEAK = YES;
				CLANG_WARN_BLOCK_CAPTURE_AUTORELEASING = YES;
				CLANG_WARN_BOOL_CONVERSION = YES;
				CLANG_WARN_COMMA = YES;
				CLANG_WARN_CONSTANT_CONVERSION = YES;
				CLANG_WARN_DEPRECATED_OBJC_IMPLEMENTATIONS = YES;
				CLANG_WARN_DIRECT_OBJC_ISA_USAGE = YES_ERROR;
				CLANG_WARN_DOCUMENTATION_COMMENTS = YES;
				CLANG_WARN_EMPTY_BODY = YES;
				CLANG_WARN_ENUM_CONVERSION = YES;
				CLANG_WARN_INFINITE_RECURSION = YES;
				CLANG_WARN_INT_CONVERSION = YES;
				CLANG_WARN_NON_LITERAL_NULL_CONVERSION = YES;
				CLANG_WARN_OBJC_IMPLICIT_RETAIN_SELF = YES;
				CLANG_WARN_OBJC_LITERAL_CONVERSION = YES;
				CLANG_WARN_OBJC_ROOT_CLASS = YES_ERROR;
				CLANG_WARN_RANGE_LOOP_ANALYSIS = YES;
				CLANG_WARN_STRICT_PROTOTYPES = YES;
				CLANG_WARN_SUSPICIOUS_MOVE = YES;
				CLANG_WARN_UNGUARDED_AVAILABILITY = YES_AGGRESSIVE;
				CLANG_WARN_UNREACHABLE_CODE = YES;
				CLANG_WARN__DUPLICATE_METHOD_MATCH = YES;
				CODE_SIGN_IDENTITY = "iPhone Developer";
				COPY_PHASE_STRIP = NO;
				DEBUG_INFORMATION_FORMAT = dwarf;
				ENABLE_STRICT_OBJC_MSGSEND = YES;
				ENABLE_TESTABILITY = YES;
				GCC_C_LANGUAGE_STANDARD = gnu11;
				GCC_DYNAMIC_NO_PIC = NO;
				GCC_NO_COMMON_BLOCKS = YES;
				GCC_OPTIMIZATION_LEVEL = 0;
				GCC_PREPROCESSOR_DEFINITIONS = (
					"DEBUG=1",
					"$(inherited)",
				);
				GCC_WARN_64_TO_32_BIT_CONVERSION = YES;
				GCC_WARN_ABOUT_RETURN_TYPE = YES_ERROR;
				GCC_WARN_UNDECLARED_SELECTOR = YES;
				GCC_WARN_UNINITIALIZED_AUTOS = YES_AGGRESSIVE;
				GCC_WARN_UNUSED_FUNCTION = YES;
				GCC_WARN_UNUSED_VARIABLE = YES;
				IPHONEOS_DEPLOYMENT_TARGET = 12.4;
				MTL_ENABLE_DEBUG_INFO = INCLUDE_SOURCE;
				MTL_FAST_MATH = YES;
				ONLY_ACTIVE_ARCH = YES;
				SDKROOT = iphoneos;
				SWIFT_ACTIVE_COMPILATION_CONDITIONS = DEBUG;
				SWIFT_OPTIMIZATION_LEVEL = "-Onone";
			};
			name = Debug;
		};
		BD2ED1C822F2858A00D6C463 /* Release */ = {
			isa = XCBuildConfiguration;
			buildSettings = {
				ALWAYS_SEARCH_USER_PATHS = NO;
				CLANG_ANALYZER_NONNULL = YES;
				CLANG_ANALYZER_NUMBER_OBJECT_CONVERSION = YES_AGGRESSIVE;
				CLANG_CXX_LANGUAGE_STANDARD = "gnu++14";
				CLANG_CXX_LIBRARY = "libc++";
				CLANG_ENABLE_MODULES = YES;
				CLANG_ENABLE_OBJC_ARC = YES;
				CLANG_ENABLE_OBJC_WEAK = YES;
				CLANG_WARN_BLOCK_CAPTURE_AUTORELEASING = YES;
				CLANG_WARN_BOOL_CONVERSION = YES;
				CLANG_WARN_COMMA = YES;
				CLANG_WARN_CONSTANT_CONVERSION = YES;
				CLANG_WARN_DEPRECATED_OBJC_IMPLEMENTATIONS = YES;
				CLANG_WARN_DIRECT_OBJC_ISA_USAGE = YES_ERROR;
				CLANG_WARN_DOCUMENTATION_COMMENTS = YES;
				CLANG_WARN_EMPTY_BODY = YES;
				CLANG_WARN_ENUM_CONVERSION = YES;
				CLANG_WARN_INFINITE_RECURSION = YES;
				CLANG_WARN_INT_CONVERSION = YES;
				CLANG_WARN_NON_LITERAL_NULL_CONVERSION = YES;
				CLANG_WARN_OBJC_IMPLICIT_RETAIN_SELF = YES;
				CLANG_WARN_OBJC_LITERAL_CONVERSION = YES;
				CLANG_WARN_OBJC_ROOT_CLASS = YES_ERROR;
				CLANG_WARN_RANGE_LOOP_ANALYSIS = YES;
				CLANG_WARN_STRICT_PROTOTYPES = YES;
				CLANG_WARN_SUSPICIOUS_MOVE = YES;
				CLANG_WARN_UNGUARDED_AVAILABILITY = YES_AGGRESSIVE;
				CLANG_WARN_UNREACHABLE_CODE = YES;
				CLANG_WARN__DUPLICATE_METHOD_MATCH = YES;
				CODE_SIGN_IDENTITY = "iPhone Developer";
				COPY_PHASE_STRIP = NO;
				DEBUG_INFORMATION_FORMAT = "dwarf-with-dsym";
				ENABLE_NS_ASSERTIONS = NO;
				ENABLE_STRICT_OBJC_MSGSEND = YES;
				GCC_C_LANGUAGE_STANDARD = gnu11;
				GCC_NO_COMMON_BLOCKS = YES;
				GCC_WARN_64_TO_32_BIT_CONVERSION = YES;
				GCC_WARN_ABOUT_RETURN_TYPE = YES_ERROR;
				GCC_WARN_UNDECLARED_SELECTOR = YES;
				GCC_WARN_UNINITIALIZED_AUTOS = YES_AGGRESSIVE;
				GCC_WARN_UNUSED_FUNCTION = YES;
				GCC_WARN_UNUSED_VARIABLE = YES;
				IPHONEOS_DEPLOYMENT_TARGET = 12.4;
				MTL_ENABLE_DEBUG_INFO = NO;
				MTL_FAST_MATH = YES;
				SDKROOT = iphoneos;
				SWIFT_COMPILATION_MODE = wholemodule;
				SWIFT_OPTIMIZATION_LEVEL = "-O";
				VALIDATE_PRODUCT = YES;
			};
			name = Release;
		};
		BD2ED1CA22F2858A00D6C463 /* Debug */ = {
			isa = XCBuildConfiguration;
			baseConfigurationReference = 59E21329A7F5D852297B8671 /* Pods-UT-Demo.debug.xcconfig */;
			buildSettings = {
				ASSETCATALOG_COMPILER_APPICON_NAME = AppIcon;
				CODE_SIGN_STYLE = Automatic;
				DEVELOPMENT_TEAM = AHXTE7489Q;
				INFOPLIST_FILE = "UT-Demo/Info.plist";
				LD_RUNPATH_SEARCH_PATHS = (
					"$(inherited)",
					"@executable_path/Frameworks",
				);
				PRODUCT_BUNDLE_IDENTIFIER = "test.UT-Demo";
				PRODUCT_NAME = "$(TARGET_NAME)";
				SWIFT_VERSION = 5.0;
				TARGETED_DEVICE_FAMILY = "1,2";
			};
			name = Debug;
		};
		BD2ED1CB22F2858A00D6C463 /* Release */ = {
			isa = XCBuildConfiguration;
			baseConfigurationReference = B600EFF7880946B58E833AD6 /* Pods-UT-Demo.release.xcconfig */;
			buildSettings = {
				ASSETCATALOG_COMPILER_APPICON_NAME = AppIcon;
				CODE_SIGN_STYLE = Automatic;
				DEVELOPMENT_TEAM = AHXTE7489Q;
				INFOPLIST_FILE = "UT-Demo/Info.plist";
				LD_RUNPATH_SEARCH_PATHS = (
					"$(inherited)",
					"@executable_path/Frameworks",
				);
				PRODUCT_BUNDLE_IDENTIFIER = "test.UT-Demo";
				PRODUCT_NAME = "$(TARGET_NAME)";
				SWIFT_VERSION = 5.0;
				TARGETED_DEVICE_FAMILY = "1,2";
			};
			name = Release;
		};
		BD2ED1CD22F2858A00D6C463 /* Debug */ = {
			isa = XCBuildConfiguration;
			baseConfigurationReference = 780E9552F3033A138FAE5253 /* Pods-UT-DemoUITests.debug.xcconfig */;
			buildSettings = {
				ALWAYS_EMBED_SWIFT_STANDARD_LIBRARIES = YES;
				CODE_SIGN_STYLE = Automatic;
				DEVELOPMENT_TEAM = AHXTE7489Q;
				INFOPLIST_FILE = "UT-DemoUITests/Info.plist";
				LD_RUNPATH_SEARCH_PATHS = (
					"$(inherited)",
					"@executable_path/Frameworks",
					"@loader_path/Frameworks",
				);
				PRODUCT_BUNDLE_IDENTIFIER = "test.UT-DemoUITests";
				PRODUCT_NAME = "$(TARGET_NAME)";
				SWIFT_VERSION = 5.0;
				TARGETED_DEVICE_FAMILY = "1,2";
				TEST_TARGET_NAME = "UT-Demo";
			};
			name = Debug;
		};
		BD2ED1CE22F2858A00D6C463 /* Release */ = {
			isa = XCBuildConfiguration;
			baseConfigurationReference = 95276335050855231BB6A9B6 /* Pods-UT-DemoUITests.release.xcconfig */;
			buildSettings = {
				ALWAYS_EMBED_SWIFT_STANDARD_LIBRARIES = YES;
				CODE_SIGN_STYLE = Automatic;
				DEVELOPMENT_TEAM = AHXTE7489Q;
				INFOPLIST_FILE = "UT-DemoUITests/Info.plist";
				LD_RUNPATH_SEARCH_PATHS = (
					"$(inherited)",
					"@executable_path/Frameworks",
					"@loader_path/Frameworks",
				);
				PRODUCT_BUNDLE_IDENTIFIER = "test.UT-DemoUITests";
				PRODUCT_NAME = "$(TARGET_NAME)";
				SWIFT_VERSION = 5.0;
				TARGETED_DEVICE_FAMILY = "1,2";
				TEST_TARGET_NAME = "UT-Demo";
			};
			name = Release;
		};
/* End XCBuildConfiguration section */

/* Begin XCConfigurationList section */
		BD2ED1A722F2858900D6C463 /* Build configuration list for PBXProject "UT-Demo" */ = {
			isa = XCConfigurationList;
			buildConfigurations = (
				BD2ED1C722F2858A00D6C463 /* Debug */,
				BD2ED1C822F2858A00D6C463 /* Release */,
			);
			defaultConfigurationIsVisible = 0;
			defaultConfigurationName = Release;
		};
		BD2ED1C922F2858A00D6C463 /* Build configuration list for PBXNativeTarget "UT-Demo" */ = {
			isa = XCConfigurationList;
			buildConfigurations = (
				BD2ED1CA22F2858A00D6C463 /* Debug */,
				BD2ED1CB22F2858A00D6C463 /* Release */,
			);
			defaultConfigurationIsVisible = 0;
			defaultConfigurationName = Release;
		};
		BD2ED1CC22F2858A00D6C463 /* Build configuration list for PBXNativeTarget "UT-DemoUITests" */ = {
			isa = XCConfigurationList;
			buildConfigurations = (
				BD2ED1CD22F2858A00D6C463 /* Debug */,
				BD2ED1CE22F2858A00D6C463 /* Release */,
			);
			defaultConfigurationIsVisible = 0;
			defaultConfigurationName = Release;
		};
/* End XCConfigurationList section */
	};
	rootObject = BD2ED1A422F2858900D6C463 /* Project object */;
}
