// !$*UTF8*$!
{
	archiveVersion = 1;
	classes = {
	};
	objectVersion = 50;
	objects = {

/* Begin PBXBuildFile section */
		1CB29CE0434ED88A17B5E293 /* Pods_UT_Demo.framework in Frameworks */ = {isa = PBXBuildFile; fileRef = 3B6BC7C241ACE684EBFBA14C /* Pods_UT_Demo.framework */; };
		BD2ED1B022F2858900D6C463 /* AppDelegate.swift in Sources */ = {isa = PBXBuildFile; fileRef = BD2ED1AF22F2858900D6C463 /* AppDelegate.swift */; };
		BD2ED1B222F2858900D6C463 /* LoginViewController.swift in Sources */ = {isa = PBXBuildFile; fileRef = BD2ED1B122F2858900D6C463 /* LoginViewController.swift */; };
		BD2ED1B522F2858900D6C463 /* Main.storyboard in Resources */ = {isa = PBXBuildFile; fileRef = BD2ED1B322F2858900D6C463 /* Main.storyboard */; };
		BD2ED1B722F2858A00D6C463 /* Assets.xcassets in Resources */ = {isa = PBXBuildFile; fileRef = BD2ED1B622F2858A00D6C463 /* Assets.xcassets */; };
		BD2ED1BA22F2858A00D6C463 /* LaunchScreen.storyboard in Resources */ = {isa = PBXBuildFile; fileRef = BD2ED1B822F2858A00D6C463 /* LaunchScreen.storyboard */; };
		BDC34A7722F6ADAE00F19E39 /* RepoViewController.swift in Sources */ = {isa = PBXBuildFile; fileRef = BDC34A7622F6ADAE00F19E39 /* RepoViewController.swift */; };
		BDC34A7922F6AEA500F19E39 /* RepoViewModel.swift in Sources */ = {isa = PBXBuildFile; fileRef = BDC34A7822F6AEA500F19E39 /* RepoViewModel.swift */; };
		BDC34A7D22F6AF4200F19E39 /* RepoTableViewCell.swift in Sources */ = {isa = PBXBuildFile; fileRef = BDC34A7B22F6AF4200F19E39 /* RepoTableViewCell.swift */; };
		BDC34A7E22F6AF4200F19E39 /* RepoTableViewCell.xib in Resources */ = {isa = PBXBuildFile; fileRef = BDC34A7C22F6AF4200F19E39 /* RepoTableViewCell.xib */; };
		BDC34A8522F707F600F19E39 /* RepoRouter.swift in Sources */ = {isa = PBXBuildFile; fileRef = BDC34A8422F707F600F19E39 /* RepoRouter.swift */; };
		BDC34A8722F7084700F19E39 /* Config.swift in Sources */ = {isa = PBXBuildFile; fileRef = BDC34A8622F7084700F19E39 /* Config.swift */; };
		BDC34A8922F708D100F19E39 /* ApiClient.swift in Sources */ = {isa = PBXBuildFile; fileRef = BDC34A8822F708D100F19E39 /* ApiClient.swift */; };
		BDFD8FE822F5C1DF004BD9A8 /* Repo.swift in Sources */ = {isa = PBXBuildFile; fileRef = BDFD8FE722F5C1DF004BD9A8 /* Repo.swift */; };
		BDFD8FEE22F5CB3D004BD9A8 /* Dynamic.swift in Sources */ = {isa = PBXBuildFile; fileRef = BDFD8FED22F5CB3D004BD9A8 /* Dynamic.swift */; };
		BDFD8FF022F5DFBE004BD9A8 /* HelperManager.swift in Sources */ = {isa = PBXBuildFile; fileRef = BDFD8FEF22F5DFBE004BD9A8 /* HelperManager.swift */; };
		BDFD8FF322F5E027004BD9A8 /* Constant.swift in Sources */ = {isa = PBXBuildFile; fileRef = BDFD8FF222F5E027004BD9A8 /* Constant.swift */; };
		BDFD8FF622F5F051004BD9A8 /* TextField.swift in Sources */ = {isa = PBXBuildFile; fileRef = BDFD8FF522F5F051004BD9A8 /* TextField.swift */; };
		C3ACFED222FBCB8000C02445 /* UITextFieldStub.swift in Sources */ = {isa = PBXBuildFile; fileRef = C3ACFED122FBCB8000C02445 /* UITextFieldStub.swift */; };
		C3C9FC8F22F92ADF00A05FC9 /* UT-DemoTests.swift in Sources */ = {isa = PBXBuildFile; fileRef = C3C9FC8E22F92ADF00A05FC9 /* UT-DemoTests.swift */; };
		C3C9FC9122F92BCF00A05FC9 /* LoginViewControllerTest.swift in Sources */ = {isa = PBXBuildFile; fileRef = C3C9FC9022F92BCF00A05FC9 /* LoginViewControllerTest.swift */; };
		C3C9FC9522F92CF500A05FC9 /* LoginViewControllerProtocol.swift in Sources */ = {isa = PBXBuildFile; fileRef = C3C9FC9422F92CF500A05FC9 /* LoginViewControllerProtocol.swift */; };
		C3C9FC9722F92D0A00A05FC9 /* LoginViewControllerProtocol.swift in Sources */ = {isa = PBXBuildFile; fileRef = C3C9FC9422F92CF500A05FC9 /* LoginViewControllerProtocol.swift */; };
		C3C9FC9922F92DF300A05FC9 /* MockLoginViewController.swift in Sources */ = {isa = PBXBuildFile; fileRef = C3C9FC9822F92DF300A05FC9 /* MockLoginViewController.swift */; };
		C3C9FC9C22F92EB200A05FC9 /* LoginViewModelTest.swift in Sources */ = {isa = PBXBuildFile; fileRef = C3C9FC9B22F92EB200A05FC9 /* LoginViewModelTest.swift */; };
		C3C9FC9E22F9379900A05FC9 /* LoginViewModel.swift in Sources */ = {isa = PBXBuildFile; fileRef = BDFD8FEB22F5C257004BD9A8 /* LoginViewModel.swift */; };
		C3C9FC9F22F9517200A05FC9 /* LoginViewModel.swift in Sources */ = {isa = PBXBuildFile; fileRef = BDFD8FEB22F5C257004BD9A8 /* LoginViewModel.swift */; };
		C3C9FCA022F9517800A05FC9 /* LoginViewController.swift in Sources */ = {isa = PBXBuildFile; fileRef = BD2ED1B122F2858900D6C463 /* LoginViewController.swift */; };
		C3C9FCA122F9519E00A05FC9 /* Dynamic.swift in Sources */ = {isa = PBXBuildFile; fileRef = BDFD8FED22F5CB3D004BD9A8 /* Dynamic.swift */; };
		C3C9FCA222F951A800A05FC9 /* HelperManager.swift in Sources */ = {isa = PBXBuildFile; fileRef = BDFD8FEF22F5DFBE004BD9A8 /* HelperManager.swift */; };
		C3C9FCA322F951AF00A05FC9 /* RepoViewController.swift in Sources */ = {isa = PBXBuildFile; fileRef = BDC34A7622F6ADAE00F19E39 /* RepoViewController.swift */; };
		C3C9FCA422F951B600A05FC9 /* TextField.swift in Sources */ = {isa = PBXBuildFile; fileRef = BDFD8FF522F5F051004BD9A8 /* TextField.swift */; };
		C3C9FCA522F951D100A05FC9 /* RepoViewModel.swift in Sources */ = {isa = PBXBuildFile; fileRef = BDC34A7822F6AEA500F19E39 /* RepoViewModel.swift */; };
		C3C9FCA622F951D700A05FC9 /* RepoTableViewCell.swift in Sources */ = {isa = PBXBuildFile; fileRef = BDC34A7B22F6AF4200F19E39 /* RepoTableViewCell.swift */; };
		C3C9FCA722F951E800A05FC9 /* Repo.swift in Sources */ = {isa = PBXBuildFile; fileRef = BDFD8FE722F5C1DF004BD9A8 /* Repo.swift */; };
		C3C9FCA822F951F100A05FC9 /* ApiClient.swift in Sources */ = {isa = PBXBuildFile; fileRef = BDC34A8822F708D100F19E39 /* ApiClient.swift */; };
		C3C9FCA922F9520A00A05FC9 /* RepoRouter.swift in Sources */ = {isa = PBXBuildFile; fileRef = BDC34A8422F707F600F19E39 /* RepoRouter.swift */; };
		C3C9FCAA22F9521B00A05FC9 /* Config.swift in Sources */ = {isa = PBXBuildFile; fileRef = BDC34A8622F7084700F19E39 /* Config.swift */; };
		C3C9FCAC22F95D2500A05FC9 /* EmailAddressValidator.swift in Sources */ = {isa = PBXBuildFile; fileRef = C3C9FCAB22F95D2500A05FC9 /* EmailAddressValidator.swift */; };
		C3C9FCAE22F95D3300A05FC9 /* PasswordValidator.swift in Sources */ = {isa = PBXBuildFile; fileRef = C3C9FCAD22F95D3300A05FC9 /* PasswordValidator.swift */; };
		C3C9FCAF22F95E3800A05FC9 /* EmailAddressValidator.swift in Sources */ = {isa = PBXBuildFile; fileRef = C3C9FCAB22F95D2500A05FC9 /* EmailAddressValidator.swift */; };
		C3C9FCB022F95E3A00A05FC9 /* PasswordValidator.swift in Sources */ = {isa = PBXBuildFile; fileRef = C3C9FCAD22F95D3300A05FC9 /* PasswordValidator.swift */; };
		C3C9FCB222F95FE100A05FC9 /* MockEmailAddressValidator.swift in Sources */ = {isa = PBXBuildFile; fileRef = C3C9FCB122F95FE100A05FC9 /* MockEmailAddressValidator.swift */; };
		C3C9FCB422F963F800A05FC9 /* MockPasswordValidator.swift in Sources */ = {isa = PBXBuildFile; fileRef = C3C9FCB322F963F800A05FC9 /* MockPasswordValidator.swift */; };
		C3C9FCB722F96A1300A05FC9 /* LoginController.swift in Sources */ = {isa = PBXBuildFile; fileRef = C3C9FCB622F96A1300A05FC9 /* LoginController.swift */; };
		C3C9FCB822F96A1300A05FC9 /* LoginController.swift in Sources */ = {isa = PBXBuildFile; fileRef = C3C9FCB622F96A1300A05FC9 /* LoginController.swift */; };
		C3C9FCBA22F96A6F00A05FC9 /* LoginModel.swift in Sources */ = {isa = PBXBuildFile; fileRef = C3C9FCB922F96A6F00A05FC9 /* LoginModel.swift */; };
		C3C9FCBB22F96A6F00A05FC9 /* LoginModel.swift in Sources */ = {isa = PBXBuildFile; fileRef = C3C9FCB922F96A6F00A05FC9 /* LoginModel.swift */; };
		C3C9FCBE22F96B9700A05FC9 /* MockLoginController.swift in Sources */ = {isa = PBXBuildFile; fileRef = C3C9FCBC22F96B9700A05FC9 /* MockLoginController.swift */; };
		C3C9FCC022F9714200A05FC9 /* MockLoginViewModel.swift in Sources */ = {isa = PBXBuildFile; fileRef = C3C9FCBF22F9714200A05FC9 /* MockLoginViewModel.swift */; };
		E6BE1FEBB359DF429DA3E9DF /* Pods_UT_DemoTests.framework in Frameworks */ = {isa = PBXBuildFile; fileRef = 6446AEBDA54A62CBAC297CB1 /* Pods_UT_DemoTests.framework */; };
/* End PBXBuildFile section */

/* Begin PBXContainerItemProxy section */
		BD249BDB22F7D4D800B13553 /* PBXContainerItemProxy */ = {
			isa = PBXContainerItemProxy;
			containerPortal = BD2ED1A422F2858900D6C463 /* Project object */;
			proxyType = 1;
			remoteGlobalIDString = BD2ED1AB22F2858900D6C463;
			remoteInfo = "UT-Demo";
		};
/* End PBXContainerItemProxy section */

/* Begin PBXFileReference section */
		14F6F8B43EFE0776A5BC38B5 /* Pods-UT-DemoTests.debug.xcconfig */ = {isa = PBXFileReference; includeInIndex = 1; lastKnownFileType = text.xcconfig; name = "Pods-UT-DemoTests.debug.xcconfig"; path = "Pods/Target Support Files/Pods-UT-DemoTests/Pods-UT-DemoTests.debug.xcconfig"; sourceTree = "<group>"; };
		3B6BC7C241ACE684EBFBA14C /* Pods_UT_Demo.framework */ = {isa = PBXFileReference; explicitFileType = wrapper.framework; includeInIndex = 0; path = Pods_UT_Demo.framework; sourceTree = BUILT_PRODUCTS_DIR; };
		59E21329A7F5D852297B8671 /* Pods-UT-Demo.debug.xcconfig */ = {isa = PBXFileReference; includeInIndex = 1; lastKnownFileType = text.xcconfig; name = "Pods-UT-Demo.debug.xcconfig"; path = "Pods/Target Support Files/Pods-UT-Demo/Pods-UT-Demo.debug.xcconfig"; sourceTree = "<group>"; };
		6446AEBDA54A62CBAC297CB1 /* Pods_UT_DemoTests.framework */ = {isa = PBXFileReference; explicitFileType = wrapper.framework; includeInIndex = 0; path = Pods_UT_DemoTests.framework; sourceTree = BUILT_PRODUCTS_DIR; };
		724E8251CFE7839235DCD6DD /* Pods-UT-DemoTests.release.xcconfig */ = {isa = PBXFileReference; includeInIndex = 1; lastKnownFileType = text.xcconfig; name = "Pods-UT-DemoTests.release.xcconfig"; path = "Pods/Target Support Files/Pods-UT-DemoTests/Pods-UT-DemoTests.release.xcconfig"; sourceTree = "<group>"; };
		B600EFF7880946B58E833AD6 /* Pods-UT-Demo.release.xcconfig */ = {isa = PBXFileReference; includeInIndex = 1; lastKnownFileType = text.xcconfig; name = "Pods-UT-Demo.release.xcconfig"; path = "Pods/Target Support Files/Pods-UT-Demo/Pods-UT-Demo.release.xcconfig"; sourceTree = "<group>"; };
		BD249BD622F7D4D800B13553 /* UT-DemoTests.xctest */ = {isa = PBXFileReference; explicitFileType = wrapper.cfbundle; includeInIndex = 0; path = "UT-DemoTests.xctest"; sourceTree = BUILT_PRODUCTS_DIR; };
		BD249BDA22F7D4D800B13553 /* Info.plist */ = {isa = PBXFileReference; lastKnownFileType = text.plist.xml; path = Info.plist; sourceTree = "<group>"; };
		BD2ED1AC22F2858900D6C463 /* UT-Demo.app */ = {isa = PBXFileReference; explicitFileType = wrapper.application; includeInIndex = 0; path = "UT-Demo.app"; sourceTree = BUILT_PRODUCTS_DIR; };
		BD2ED1AF22F2858900D6C463 /* AppDelegate.swift */ = {isa = PBXFileReference; lastKnownFileType = sourcecode.swift; path = AppDelegate.swift; sourceTree = "<group>"; };
		BD2ED1B122F2858900D6C463 /* LoginViewController.swift */ = {isa = PBXFileReference; lastKnownFileType = sourcecode.swift; path = LoginViewController.swift; sourceTree = "<group>"; };
		BD2ED1B422F2858900D6C463 /* Base */ = {isa = PBXFileReference; lastKnownFileType = file.storyboard; name = Base; path = Base.lproj/Main.storyboard; sourceTree = "<group>"; };
		BD2ED1B622F2858A00D6C463 /* Assets.xcassets */ = {isa = PBXFileReference; lastKnownFileType = folder.assetcatalog; path = Assets.xcassets; sourceTree = "<group>"; };
		BD2ED1B922F2858A00D6C463 /* Base */ = {isa = PBXFileReference; lastKnownFileType = file.storyboard; name = Base; path = Base.lproj/LaunchScreen.storyboard; sourceTree = "<group>"; };
		BD2ED1BB22F2858A00D6C463 /* Info.plist */ = {isa = PBXFileReference; lastKnownFileType = text.plist.xml; path = Info.plist; sourceTree = "<group>"; };
		BDC34A7622F6ADAE00F19E39 /* RepoViewController.swift */ = {isa = PBXFileReference; lastKnownFileType = sourcecode.swift; path = RepoViewController.swift; sourceTree = "<group>"; };
		BDC34A7822F6AEA500F19E39 /* RepoViewModel.swift */ = {isa = PBXFileReference; lastKnownFileType = sourcecode.swift; path = RepoViewModel.swift; sourceTree = "<group>"; };
		BDC34A7B22F6AF4200F19E39 /* RepoTableViewCell.swift */ = {isa = PBXFileReference; lastKnownFileType = sourcecode.swift; path = RepoTableViewCell.swift; sourceTree = "<group>"; };
		BDC34A7C22F6AF4200F19E39 /* RepoTableViewCell.xib */ = {isa = PBXFileReference; lastKnownFileType = file.xib; path = RepoTableViewCell.xib; sourceTree = "<group>"; };
		BDC34A8422F707F600F19E39 /* RepoRouter.swift */ = {isa = PBXFileReference; lastKnownFileType = sourcecode.swift; path = RepoRouter.swift; sourceTree = "<group>"; };
		BDC34A8622F7084700F19E39 /* Config.swift */ = {isa = PBXFileReference; lastKnownFileType = sourcecode.swift; path = Config.swift; sourceTree = "<group>"; };
		BDC34A8822F708D100F19E39 /* ApiClient.swift */ = {isa = PBXFileReference; fileEncoding = 4; lastKnownFileType = sourcecode.swift; path = ApiClient.swift; sourceTree = "<group>"; };
		BDFD8FE722F5C1DF004BD9A8 /* Repo.swift */ = {isa = PBXFileReference; lastKnownFileType = sourcecode.swift; path = Repo.swift; sourceTree = "<group>"; };
		BDFD8FEB22F5C257004BD9A8 /* LoginViewModel.swift */ = {isa = PBXFileReference; lastKnownFileType = sourcecode.swift; path = LoginViewModel.swift; sourceTree = "<group>"; };
		BDFD8FED22F5CB3D004BD9A8 /* Dynamic.swift */ = {isa = PBXFileReference; lastKnownFileType = sourcecode.swift; path = Dynamic.swift; sourceTree = "<group>"; };
		BDFD8FEF22F5DFBE004BD9A8 /* HelperManager.swift */ = {isa = PBXFileReference; lastKnownFileType = sourcecode.swift; path = HelperManager.swift; sourceTree = "<group>"; };
		BDFD8FF222F5E027004BD9A8 /* Constant.swift */ = {isa = PBXFileReference; lastKnownFileType = sourcecode.swift; path = Constant.swift; sourceTree = "<group>"; };
		BDFD8FF522F5F051004BD9A8 /* TextField.swift */ = {isa = PBXFileReference; lastKnownFileType = sourcecode.swift; path = TextField.swift; sourceTree = "<group>"; };
		C3ACFED122FBCB8000C02445 /* UITextFieldStub.swift */ = {isa = PBXFileReference; lastKnownFileType = sourcecode.swift; path = UITextFieldStub.swift; sourceTree = "<group>"; };
		C3C9FC8E22F92ADF00A05FC9 /* UT-DemoTests.swift */ = {isa = PBXFileReference; lastKnownFileType = sourcecode.swift; path = "UT-DemoTests.swift"; sourceTree = "<group>"; };
		C3C9FC9022F92BCF00A05FC9 /* LoginViewControllerTest.swift */ = {isa = PBXFileReference; lastKnownFileType = sourcecode.swift; path = LoginViewControllerTest.swift; sourceTree = "<group>"; };
		C3C9FC9422F92CF500A05FC9 /* LoginViewControllerProtocol.swift */ = {isa = PBXFileReference; lastKnownFileType = sourcecode.swift; path = LoginViewControllerProtocol.swift; sourceTree = "<group>"; };
		C3C9FC9822F92DF300A05FC9 /* MockLoginViewController.swift */ = {isa = PBXFileReference; lastKnownFileType = sourcecode.swift; path = MockLoginViewController.swift; sourceTree = "<group>"; };
		C3C9FC9B22F92EB200A05FC9 /* LoginViewModelTest.swift */ = {isa = PBXFileReference; lastKnownFileType = sourcecode.swift; path = LoginViewModelTest.swift; sourceTree = "<group>"; };
		C3C9FCAB22F95D2500A05FC9 /* EmailAddressValidator.swift */ = {isa = PBXFileReference; lastKnownFileType = sourcecode.swift; path = EmailAddressValidator.swift; sourceTree = "<group>"; };
		C3C9FCAD22F95D3300A05FC9 /* PasswordValidator.swift */ = {isa = PBXFileReference; lastKnownFileType = sourcecode.swift; path = PasswordValidator.swift; sourceTree = "<group>"; };
		C3C9FCB122F95FE100A05FC9 /* MockEmailAddressValidator.swift */ = {isa = PBXFileReference; lastKnownFileType = sourcecode.swift; path = MockEmailAddressValidator.swift; sourceTree = "<group>"; };
		C3C9FCB322F963F800A05FC9 /* MockPasswordValidator.swift */ = {isa = PBXFileReference; lastKnownFileType = sourcecode.swift; path = MockPasswordValidator.swift; sourceTree = "<group>"; };
		C3C9FCB622F96A1300A05FC9 /* LoginController.swift */ = {isa = PBXFileReference; lastKnownFileType = sourcecode.swift; path = LoginController.swift; sourceTree = "<group>"; };
		C3C9FCB922F96A6F00A05FC9 /* LoginModel.swift */ = {isa = PBXFileReference; lastKnownFileType = sourcecode.swift; path = LoginModel.swift; sourceTree = "<group>"; };
		C3C9FCBC22F96B9700A05FC9 /* MockLoginController.swift */ = {isa = PBXFileReference; lastKnownFileType = sourcecode.swift; path = MockLoginController.swift; sourceTree = "<group>"; };
		C3C9FCBF22F9714200A05FC9 /* MockLoginViewModel.swift */ = {isa = PBXFileReference; lastKnownFileType = sourcecode.swift; path = MockLoginViewModel.swift; sourceTree = "<group>"; };
/* End PBXFileReference section */

/* Begin PBXFrameworksBuildPhase section */
		BD249BD322F7D4D800B13553 /* Frameworks */ = {
			isa = PBXFrameworksBuildPhase;
			buildActionMask = 2147483647;
			files = (
				E6BE1FEBB359DF429DA3E9DF /* Pods_UT_DemoTests.framework in Frameworks */,
			);
			runOnlyForDeploymentPostprocessing = 0;
		};
		BD2ED1A922F2858900D6C463 /* Frameworks */ = {
			isa = PBXFrameworksBuildPhase;
			buildActionMask = 2147483647;
			files = (
				1CB29CE0434ED88A17B5E293 /* Pods_UT_Demo.framework in Frameworks */,
			);
			runOnlyForDeploymentPostprocessing = 0;
		};
/* End PBXFrameworksBuildPhase section */

/* Begin PBXGroup section */
		151842B0E22332F65CFE0606 /* Pods */ = {
			isa = PBXGroup;
			children = (
				59E21329A7F5D852297B8671 /* Pods-UT-Demo.debug.xcconfig */,
				B600EFF7880946B58E833AD6 /* Pods-UT-Demo.release.xcconfig */,
				14F6F8B43EFE0776A5BC38B5 /* Pods-UT-DemoTests.debug.xcconfig */,
				724E8251CFE7839235DCD6DD /* Pods-UT-DemoTests.release.xcconfig */,
			);
			name = Pods;
			sourceTree = "<group>";
		};
		265EBAF34F2F0B406CD2C5AA /* Frameworks */ = {
			isa = PBXGroup;
			children = (
				3B6BC7C241ACE684EBFBA14C /* Pods_UT_Demo.framework */,
				6446AEBDA54A62CBAC297CB1 /* Pods_UT_DemoTests.framework */,
			);
			name = Frameworks;
			sourceTree = "<group>";
		};
		BD249BD722F7D4D800B13553 /* UT-DemoTests */ = {
			isa = PBXGroup;
			children = (
				C3C9FC8C22F92AB500A05FC9 /* Mock */,
				C3ACFED022FBCB3B00C02445 /* Stub */,
				C3C9FC9A22F92E3700A05FC9 /* LoginTest */,
				BD249BDA22F7D4D800B13553 /* Info.plist */,
				C3C9FC8E22F92ADF00A05FC9 /* UT-DemoTests.swift */,
			);
			path = "UT-DemoTests";
			sourceTree = "<group>";
		};
		BD2ED1A322F2858900D6C463 = {
			isa = PBXGroup;
			children = (
				BD2ED1AE22F2858900D6C463 /* UT-Demo */,
				BD249BD722F7D4D800B13553 /* UT-DemoTests */,
				BD2ED1AD22F2858900D6C463 /* Products */,
				151842B0E22332F65CFE0606 /* Pods */,
				265EBAF34F2F0B406CD2C5AA /* Frameworks */,
			);
			sourceTree = "<group>";
		};
		BD2ED1AD22F2858900D6C463 /* Products */ = {
			isa = PBXGroup;
			children = (
				BD2ED1AC22F2858900D6C463 /* UT-Demo.app */,
				BD249BD622F7D4D800B13553 /* UT-DemoTests.xctest */,
			);
			name = Products;
			sourceTree = "<group>";
		};
		BD2ED1AE22F2858900D6C463 /* UT-Demo */ = {
			isa = PBXGroup;
			children = (
				BDFD8FF422F5F02D004BD9A8 /* Util */,
				BDFD8FF122F5E00B004BD9A8 /* Define */,
				BDFD8FDB22F3CDD8004BD9A8 /* Manager */,
				BDC34A8322F707E500F19E39 /* Network */,
				BDFD8FDA22F3CDCE004BD9A8 /* Model */,
				C3C9FCB522F96A0000A05FC9 /* Controller */,
				C3C9FC9322F92CD100A05FC9 /* Protocol */,
				BDFD8FE522F5C162004BD9A8 /* Module */,
				BD2ED1AF22F2858900D6C463 /* AppDelegate.swift */,
				BD2ED1B322F2858900D6C463 /* Main.storyboard */,
				BD2ED1B622F2858A00D6C463 /* Assets.xcassets */,
				BD2ED1B822F2858A00D6C463 /* LaunchScreen.storyboard */,
				BD2ED1BB22F2858A00D6C463 /* Info.plist */,
			);
			path = "UT-Demo";
			sourceTree = "<group>";
		};
		BDC34A7422F6AD9500F19E39 /* View */ = {
			isa = PBXGroup;
			children = (
				BDC34A7622F6ADAE00F19E39 /* RepoViewController.swift */,
			);
			path = View;
			sourceTree = "<group>";
		};
		BDC34A7522F6AD9B00F19E39 /* ViewModel */ = {
			isa = PBXGroup;
			children = (
				BDC34A7822F6AEA500F19E39 /* RepoViewModel.swift */,
			);
			path = ViewModel;
			sourceTree = "<group>";
		};
		BDC34A7A22F6AF2500F19E39 /* Cell */ = {
			isa = PBXGroup;
			children = (
				BDC34A7B22F6AF4200F19E39 /* RepoTableViewCell.swift */,
				BDC34A7C22F6AF4200F19E39 /* RepoTableViewCell.xib */,
			);
			path = Cell;
			sourceTree = "<group>";
		};
		BDC34A8322F707E500F19E39 /* Network */ = {
			isa = PBXGroup;
			children = (
				BDC34A8822F708D100F19E39 /* ApiClient.swift */,
				BDC34A8422F707F600F19E39 /* RepoRouter.swift */,
			);
			path = Network;
			sourceTree = "<group>";
		};
		BDFD8FDA22F3CDCE004BD9A8 /* Model */ = {
			isa = PBXGroup;
			children = (
				BDFD8FE722F5C1DF004BD9A8 /* Repo.swift */,
				C3C9FCB922F96A6F00A05FC9 /* LoginModel.swift */,
			);
			path = Model;
			sourceTree = "<group>";
		};
		BDFD8FDB22F3CDD8004BD9A8 /* Manager */ = {
			isa = PBXGroup;
			children = (
				BDFD8FED22F5CB3D004BD9A8 /* Dynamic.swift */,
				BDFD8FEF22F5DFBE004BD9A8 /* HelperManager.swift */,
			);
			path = Manager;
			sourceTree = "<group>";
		};
		BDFD8FE522F5C162004BD9A8 /* Module */ = {
			isa = PBXGroup;
			children = (
				BDFD8FF722F5F828004BD9A8 /* Home */,
				BDFD8FE622F5C1C7004BD9A8 /* Login */,
			);
			path = Module;
			sourceTree = "<group>";
		};
		BDFD8FE622F5C1C7004BD9A8 /* Login */ = {
			isa = PBXGroup;
			children = (
				BDFD8FEA22F5C239004BD9A8 /* ViewModel */,
				BDFD8FE922F5C233004BD9A8 /* View */,
			);
			path = Login;
			sourceTree = "<group>";
		};
		BDFD8FE922F5C233004BD9A8 /* View */ = {
			isa = PBXGroup;
			children = (
				BD2ED1B122F2858900D6C463 /* LoginViewController.swift */,
			);
			path = View;
			sourceTree = "<group>";
		};
		BDFD8FEA22F5C239004BD9A8 /* ViewModel */ = {
			isa = PBXGroup;
			children = (
				BDFD8FEB22F5C257004BD9A8 /* LoginViewModel.swift */,
				C3C9FCAB22F95D2500A05FC9 /* EmailAddressValidator.swift */,
				C3C9FCAD22F95D3300A05FC9 /* PasswordValidator.swift */,
			);
			path = ViewModel;
			sourceTree = "<group>";
		};
		BDFD8FF122F5E00B004BD9A8 /* Define */ = {
			isa = PBXGroup;
			children = (
				BDFD8FF222F5E027004BD9A8 /* Constant.swift */,
				BDC34A8622F7084700F19E39 /* Config.swift */,
			);
			path = Define;
			sourceTree = "<group>";
		};
		BDFD8FF422F5F02D004BD9A8 /* Util */ = {
			isa = PBXGroup;
			children = (
				BDFD8FF522F5F051004BD9A8 /* TextField.swift */,
			);
			path = Util;
			sourceTree = "<group>";
		};
		BDFD8FF722F5F828004BD9A8 /* Home */ = {
			isa = PBXGroup;
			children = (
				BDC34A7A22F6AF2500F19E39 /* Cell */,
				BDC34A7522F6AD9B00F19E39 /* ViewModel */,
				BDC34A7422F6AD9500F19E39 /* View */,
			);
			path = Home;
			sourceTree = "<group>";
		};
		C3ACFED022FBCB3B00C02445 /* Stub */ = {
			isa = PBXGroup;
			children = (
				C3ACFED122FBCB8000C02445 /* UITextFieldStub.swift */,
			);
			path = Stub;
			sourceTree = "<group>";
		};
		C3C9FC8C22F92AB500A05FC9 /* Mock */ = {
			isa = PBXGroup;
			children = (
				C3C9FC9822F92DF300A05FC9 /* MockLoginViewController.swift */,
				C3C9FCB122F95FE100A05FC9 /* MockEmailAddressValidator.swift */,
				C3C9FCB322F963F800A05FC9 /* MockPasswordValidator.swift */,
				C3C9FCBC22F96B9700A05FC9 /* MockLoginController.swift */,
				C3C9FCBF22F9714200A05FC9 /* MockLoginViewModel.swift */,
			);
			path = Mock;
			sourceTree = "<group>";
		};
		C3C9FC9322F92CD100A05FC9 /* Protocol */ = {
			isa = PBXGroup;
			children = (
				C3C9FC9422F92CF500A05FC9 /* LoginViewControllerProtocol.swift */,
			);
			path = Protocol;
			sourceTree = "<group>";
		};
		C3C9FC9A22F92E3700A05FC9 /* LoginTest */ = {
			isa = PBXGroup;
			children = (
				C3C9FC9B22F92EB200A05FC9 /* LoginViewModelTest.swift */,
				C3C9FC9022F92BCF00A05FC9 /* LoginViewControllerTest.swift */,
			);
			path = LoginTest;
			sourceTree = "<group>";
		};
		C3C9FCB522F96A0000A05FC9 /* Controller */ = {
			isa = PBXGroup;
			children = (
				C3C9FCB622F96A1300A05FC9 /* LoginController.swift */,
			);
			path = Controller;
			sourceTree = "<group>";
		};
/* End PBXGroup section */

/* Begin PBXNativeTarget section */
		BD249BD522F7D4D800B13553 /* UT-DemoTests */ = {
			isa = PBXNativeTarget;
			buildConfigurationList = BD249BDF22F7D4D800B13553 /* Build configuration list for PBXNativeTarget "UT-DemoTests" */;
			buildPhases = (
				BED2F6081442BBF55D1DDCC6 /* [CP] Check Pods Manifest.lock */,
				BD249BD222F7D4D800B13553 /* Sources */,
				BD249BD322F7D4D800B13553 /* Frameworks */,
				BD249BD422F7D4D800B13553 /* Resources */,
			);
			buildRules = (
			);
			dependencies = (
				BD249BDC22F7D4D800B13553 /* PBXTargetDependency */,
			);
			name = "UT-DemoTests";
			productName = "UT-DemoTests";
			productReference = BD249BD622F7D4D800B13553 /* UT-DemoTests.xctest */;
			productType = "com.apple.product-type.bundle.unit-test";
		};
		BD2ED1AB22F2858900D6C463 /* UT-Demo */ = {
			isa = PBXNativeTarget;
			buildConfigurationList = BD2ED1C922F2858A00D6C463 /* Build configuration list for PBXNativeTarget "UT-Demo" */;
			buildPhases = (
				E56128421C60F2DDF16DD049 /* [CP] Check Pods Manifest.lock */,
				BD2ED1A822F2858900D6C463 /* Sources */,
				BD2ED1A922F2858900D6C463 /* Frameworks */,
				BD2ED1AA22F2858900D6C463 /* Resources */,
				B08B4AA594BB8F0208474F87 /* [CP] Embed Pods Frameworks */,
			);
			buildRules = (
			);
			dependencies = (
			);
			name = "UT-Demo";
			productName = "UT-Demo";
			productReference = BD2ED1AC22F2858900D6C463 /* UT-Demo.app */;
			productType = "com.apple.product-type.application";
		};
/* End PBXNativeTarget section */

/* Begin PBXProject section */
		BD2ED1A422F2858900D6C463 /* Project object */ = {
			isa = PBXProject;
			attributes = {
				LastSwiftUpdateCheck = 1030;
				LastUpgradeCheck = 1030;
				ORGANIZATIONNAME = maithigiang;
				TargetAttributes = {
					BD249BD522F7D4D800B13553 = {
						CreatedOnToolsVersion = 10.3;
						LastSwiftMigration = 1030;
						TestTargetID = BD2ED1AB22F2858900D6C463;
					};
					BD2ED1AB22F2858900D6C463 = {
						CreatedOnToolsVersion = 10.3;
					};
				};
			};
			buildConfigurationList = BD2ED1A722F2858900D6C463 /* Build configuration list for PBXProject "UT-Demo" */;
			compatibilityVersion = "Xcode 9.3";
			developmentRegion = en;
			hasScannedForEncodings = 0;
			knownRegions = (
				en,
				Base,
			);
			mainGroup = BD2ED1A322F2858900D6C463;
			productRefGroup = BD2ED1AD22F2858900D6C463 /* Products */;
			projectDirPath = "";
			projectRoot = "";
			targets = (
				BD2ED1AB22F2858900D6C463 /* UT-Demo */,
				BD249BD522F7D4D800B13553 /* UT-DemoTests */,
			);
		};
/* End PBXProject section */

/* Begin PBXResourcesBuildPhase section */
		BD249BD422F7D4D800B13553 /* Resources */ = {
			isa = PBXResourcesBuildPhase;
			buildActionMask = 2147483647;
			files = (
			);
			runOnlyForDeploymentPostprocessing = 0;
		};
		BD2ED1AA22F2858900D6C463 /* Resources */ = {
			isa = PBXResourcesBuildPhase;
			buildActionMask = 2147483647;
			files = (
				BDC34A7E22F6AF4200F19E39 /* RepoTableViewCell.xib in Resources */,
				BD2ED1BA22F2858A00D6C463 /* LaunchScreen.storyboard in Resources */,
				BD2ED1B722F2858A00D6C463 /* Assets.xcassets in Resources */,
				BD2ED1B522F2858900D6C463 /* Main.storyboard in Resources */,
			);
			runOnlyForDeploymentPostprocessing = 0;
		};
/* End PBXResourcesBuildPhase section */

/* Begin PBXShellScriptBuildPhase section */
		B08B4AA594BB8F0208474F87 /* [CP] Embed Pods Frameworks */ = {
			isa = PBXShellScriptBuildPhase;
			buildActionMask = 2147483647;
			files = (
			);
			inputFileListPaths = (
			);
			inputPaths = (
				"${SRCROOT}/Pods/Target Support Files/Pods-UT-Demo/Pods-UT-Demo-frameworks.sh",
				"${BUILT_PRODUCTS_DIR}/Alamofire/Alamofire.framework",
				"${BUILT_PRODUCTS_DIR}/SwiftyJSON/SwiftyJSON.framework",
			);
			name = "[CP] Embed Pods Frameworks";
			outputFileListPaths = (
			);
			outputPaths = (
				"${TARGET_BUILD_DIR}/${FRAMEWORKS_FOLDER_PATH}/Alamofire.framework",
				"${TARGET_BUILD_DIR}/${FRAMEWORKS_FOLDER_PATH}/SwiftyJSON.framework",
			);
			runOnlyForDeploymentPostprocessing = 0;
			shellPath = /bin/sh;
			shellScript = "\"${SRCROOT}/Pods/Target Support Files/Pods-UT-Demo/Pods-UT-Demo-frameworks.sh\"\n";
			showEnvVarsInLog = 0;
		};
		BED2F6081442BBF55D1DDCC6 /* [CP] Check Pods Manifest.lock */ = {
			isa = PBXShellScriptBuildPhase;
			buildActionMask = 2147483647;
			files = (
			);
			inputFileListPaths = (
			);
			inputPaths = (
				"${PODS_PODFILE_DIR_PATH}/Podfile.lock",
				"${PODS_ROOT}/Manifest.lock",
			);
			name = "[CP] Check Pods Manifest.lock";
			outputFileListPaths = (
			);
			outputPaths = (
				"$(DERIVED_FILE_DIR)/Pods-UT-DemoTests-checkManifestLockResult.txt",
			);
			runOnlyForDeploymentPostprocessing = 0;
			shellPath = /bin/sh;
			shellScript = "diff \"${PODS_PODFILE_DIR_PATH}/Podfile.lock\" \"${PODS_ROOT}/Manifest.lock\" > /dev/null\nif [ $? != 0 ] ; then\n    # print error to STDERR\n    echo \"error: The sandbox is not in sync with the Podfile.lock. Run 'pod install' or update your CocoaPods installation.\" >&2\n    exit 1\nfi\n# This output is used by Xcode 'outputs' to avoid re-running this script phase.\necho \"SUCCESS\" > \"${SCRIPT_OUTPUT_FILE_0}\"\n";
			showEnvVarsInLog = 0;
		};
		E56128421C60F2DDF16DD049 /* [CP] Check Pods Manifest.lock */ = {
			isa = PBXShellScriptBuildPhase;
			buildActionMask = 2147483647;
			files = (
			);
			inputFileListPaths = (
			);
			inputPaths = (
				"${PODS_PODFILE_DIR_PATH}/Podfile.lock",
				"${PODS_ROOT}/Manifest.lock",
			);
			name = "[CP] Check Pods Manifest.lock";
			outputFileListPaths = (
			);
			outputPaths = (
				"$(DERIVED_FILE_DIR)/Pods-UT-Demo-checkManifestLockResult.txt",
			);
			runOnlyForDeploymentPostprocessing = 0;
			shellPath = /bin/sh;
			shellScript = "diff \"${PODS_PODFILE_DIR_PATH}/Podfile.lock\" \"${PODS_ROOT}/Manifest.lock\" > /dev/null\nif [ $? != 0 ] ; then\n    # print error to STDERR\n    echo \"error: The sandbox is not in sync with the Podfile.lock. Run 'pod install' or update your CocoaPods installation.\" >&2\n    exit 1\nfi\n# This output is used by Xcode 'outputs' to avoid re-running this script phase.\necho \"SUCCESS\" > \"${SCRIPT_OUTPUT_FILE_0}\"\n";
			showEnvVarsInLog = 0;
		};
/* End PBXShellScriptBuildPhase section */

/* Begin PBXSourcesBuildPhase section */
		BD249BD222F7D4D800B13553 /* Sources */ = {
			isa = PBXSourcesBuildPhase;
			buildActionMask = 2147483647;
			files = (
				C3C9FCB222F95FE100A05FC9 /* MockEmailAddressValidator.swift in Sources */,
				C3C9FCAF22F95E3800A05FC9 /* EmailAddressValidator.swift in Sources */,
				C3C9FCA522F951D100A05FC9 /* RepoViewModel.swift in Sources */,
				C3ACFED222FBCB8000C02445 /* UITextFieldStub.swift in Sources */,
				C3C9FCBE22F96B9700A05FC9 /* MockLoginController.swift in Sources */,
				C3C9FCA022F9517800A05FC9 /* LoginViewController.swift in Sources */,
				C3C9FCA922F9520A00A05FC9 /* RepoRouter.swift in Sources */,
				C3C9FCA422F951B600A05FC9 /* TextField.swift in Sources */,
				C3C9FCAA22F9521B00A05FC9 /* Config.swift in Sources */,
				C3C9FC9722F92D0A00A05FC9 /* LoginViewControllerProtocol.swift in Sources */,
				C3C9FC9122F92BCF00A05FC9 /* LoginViewControllerTest.swift in Sources */,
				C3C9FC9E22F9379900A05FC9 /* LoginViewModel.swift in Sources */,
				C3C9FCB422F963F800A05FC9 /* MockPasswordValidator.swift in Sources */,
				C3C9FCB822F96A1300A05FC9 /* LoginController.swift in Sources */,
				C3C9FC9922F92DF300A05FC9 /* MockLoginViewController.swift in Sources */,
				C3C9FCC022F9714200A05FC9 /* MockLoginViewModel.swift in Sources */,
				C3C9FCBB22F96A6F00A05FC9 /* LoginModel.swift in Sources */,
				C3C9FCA722F951E800A05FC9 /* Repo.swift in Sources */,
				C3C9FCA122F9519E00A05FC9 /* Dynamic.swift in Sources */,
				C3C9FCA222F951A800A05FC9 /* HelperManager.swift in Sources */,
				C3C9FC9C22F92EB200A05FC9 /* LoginViewModelTest.swift in Sources */,
				C3C9FCB022F95E3A00A05FC9 /* PasswordValidator.swift in Sources */,
				C3C9FCA322F951AF00A05FC9 /* RepoViewController.swift in Sources */,
				C3C9FCA622F951D700A05FC9 /* RepoTableViewCell.swift in Sources */,
				C3C9FC8F22F92ADF00A05FC9 /* UT-DemoTests.swift in Sources */,
				C3C9FCA822F951F100A05FC9 /* ApiClient.swift in Sources */,
			);
			runOnlyForDeploymentPostprocessing = 0;
		};
		BD2ED1A822F2858900D6C463 /* Sources */ = {
			isa = PBXSourcesBuildPhase;
			buildActionMask = 2147483647;
			files = (
				C3C9FCBA22F96A6F00A05FC9 /* LoginModel.swift in Sources */,
				BDFD8FF322F5E027004BD9A8 /* Constant.swift in Sources */,
				BDC34A7722F6ADAE00F19E39 /* RepoViewController.swift in Sources */,
				BDC34A7D22F6AF4200F19E39 /* RepoTableViewCell.swift in Sources */,
				C3C9FCAE22F95D3300A05FC9 /* PasswordValidator.swift in Sources */,
				C3C9FC9522F92CF500A05FC9 /* LoginViewControllerProtocol.swift in Sources */,
				BDC34A7922F6AEA500F19E39 /* RepoViewModel.swift in Sources */,
				BDFD8FEE22F5CB3D004BD9A8 /* Dynamic.swift in Sources */,
				BDC34A8722F7084700F19E39 /* Config.swift in Sources */,
				BDC34A8922F708D100F19E39 /* ApiClient.swift in Sources */,
				C3C9FC9F22F9517200A05FC9 /* LoginViewModel.swift in Sources */,
				BDFD8FF622F5F051004BD9A8 /* TextField.swift in Sources */,
				C3C9FCAC22F95D2500A05FC9 /* EmailAddressValidator.swift in Sources */,
				BDFD8FF022F5DFBE004BD9A8 /* HelperManager.swift in Sources */,
				C3C9FCB722F96A1300A05FC9 /* LoginController.swift in Sources */,
				BD2ED1B222F2858900D6C463 /* LoginViewController.swift in Sources */,
				BD2ED1B022F2858900D6C463 /* AppDelegate.swift in Sources */,
				BDC34A8522F707F600F19E39 /* RepoRouter.swift in Sources */,
				BDFD8FE822F5C1DF004BD9A8 /* Repo.swift in Sources */,
			);
			runOnlyForDeploymentPostprocessing = 0;
		};
/* End PBXSourcesBuildPhase section */

/* Begin PBXTargetDependency section */
		BD249BDC22F7D4D800B13553 /* PBXTargetDependency */ = {
			isa = PBXTargetDependency;
			target = BD2ED1AB22F2858900D6C463 /* UT-Demo */;
			targetProxy = BD249BDB22F7D4D800B13553 /* PBXContainerItemProxy */;
		};
/* End PBXTargetDependency section */

/* Begin PBXVariantGroup section */
		BD2ED1B322F2858900D6C463 /* Main.storyboard */ = {
			isa = PBXVariantGroup;
			children = (
				BD2ED1B422F2858900D6C463 /* Base */,
			);
			name = Main.storyboard;
			sourceTree = "<group>";
		};
		BD2ED1B822F2858A00D6C463 /* LaunchScreen.storyboard */ = {
			isa = PBXVariantGroup;
			children = (
				BD2ED1B922F2858A00D6C463 /* Base */,
			);
			name = LaunchScreen.storyboard;
			sourceTree = "<group>";
		};
/* End PBXVariantGroup section */

/* Begin XCBuildConfiguration section */
		BD249BDD22F7D4D800B13553 /* Debug */ = {
			isa = XCBuildConfiguration;
			baseConfigurationReference = 14F6F8B43EFE0776A5BC38B5 /* Pods-UT-DemoTests.debug.xcconfig */;
			buildSettings = {
				BUNDLE_LOADER = "$(TEST_HOST)";
				CLANG_ENABLE_MODULES = YES;
				CODE_SIGN_STYLE = Automatic;
				DEVELOPMENT_TEAM = AHXTE7489Q;
				INFOPLIST_FILE = "UT-DemoTests/Info.plist";
				LD_RUNPATH_SEARCH_PATHS = (
					"$(inherited)",
					"@executable_path/Frameworks",
					"@loader_path/Frameworks",
				);
				PRODUCT_BUNDLE_IDENTIFIER = "test.UT-DemoTests";
				PRODUCT_NAME = "$(TARGET_NAME)";
				SWIFT_OPTIMIZATION_LEVEL = "-Onone";
				SWIFT_VERSION = 5.0;
				TARGETED_DEVICE_FAMILY = "1,2";
				TEST_HOST = "$(BUILT_PRODUCTS_DIR)/UT-Demo.app/UT-Demo";
			};
			name = Debug;
		};
		BD249BDE22F7D4D800B13553 /* Release */ = {
			isa = XCBuildConfiguration;
			baseConfigurationReference = 724E8251CFE7839235DCD6DD /* Pods-UT-DemoTests.release.xcconfig */;
			buildSettings = {
				BUNDLE_LOADER = "$(TEST_HOST)";
				CLANG_ENABLE_MODULES = YES;
				CODE_SIGN_STYLE = Automatic;
				DEVELOPMENT_TEAM = AHXTE7489Q;
				INFOPLIST_FILE = "UT-DemoTests/Info.plist";
				LD_RUNPATH_SEARCH_PATHS = (
					"$(inherited)",
					"@executable_path/Frameworks",
					"@loader_path/Frameworks",
				);
				PRODUCT_BUNDLE_IDENTIFIER = "test.UT-DemoTests";
				PRODUCT_NAME = "$(TARGET_NAME)";
				SWIFT_VERSION = 5.0;
				TARGETED_DEVICE_FAMILY = "1,2";
				TEST_HOST = "$(BUILT_PRODUCTS_DIR)/UT-Demo.app/UT-Demo";
			};
			name = Release;
		};
		BD2ED1C722F2858A00D6C463 /* Debug */ = {
			isa = XCBuildConfiguration;
			buildSettings = {
				ALWAYS_SEARCH_USER_PATHS = NO;
				CLANG_ANALYZER_NONNULL = YES;
				CLANG_ANALYZER_NUMBER_OBJECT_CONVERSION = YES_AGGRESSIVE;
				CLANG_CXX_LANGUAGE_STANDARD = "gnu++14";
				CLANG_CXX_LIBRARY = "libc++";
				CLANG_ENABLE_MODULES = YES;
				CLANG_ENABLE_OBJC_ARC = YES;
				CLANG_ENABLE_OBJC_WEAK = YES;
				CLANG_WARN_BLOCK_CAPTURE_AUTORELEASING = YES;
				CLANG_WARN_BOOL_CONVERSION = YES;
				CLANG_WARN_COMMA = YES;
				CLANG_WARN_CONSTANT_CONVERSION = YES;
				CLANG_WARN_DEPRECATED_OBJC_IMPLEMENTATIONS = YES;
				CLANG_WARN_DIRECT_OBJC_ISA_USAGE = YES_ERROR;
				CLANG_WARN_DOCUMENTATION_COMMENTS = YES;
				CLANG_WARN_EMPTY_BODY = YES;
				CLANG_WARN_ENUM_CONVERSION = YES;
				CLANG_WARN_INFINITE_RECURSION = YES;
				CLANG_WARN_INT_CONVERSION = YES;
				CLANG_WARN_NON_LITERAL_NULL_CONVERSION = YES;
				CLANG_WARN_OBJC_IMPLICIT_RETAIN_SELF = YES;
				CLANG_WARN_OBJC_LITERAL_CONVERSION = YES;
				CLANG_WARN_OBJC_ROOT_CLASS = YES_ERROR;
				CLANG_WARN_RANGE_LOOP_ANALYSIS = YES;
				CLANG_WARN_STRICT_PROTOTYPES = YES;
				CLANG_WARN_SUSPICIOUS_MOVE = YES;
				CLANG_WARN_UNGUARDED_AVAILABILITY = YES_AGGRESSIVE;
				CLANG_WARN_UNREACHABLE_CODE = YES;
				CLANG_WARN__DUPLICATE_METHOD_MATCH = YES;
				CODE_SIGN_IDENTITY = "iPhone Developer";
				COPY_PHASE_STRIP = NO;
				DEBUG_INFORMATION_FORMAT = dwarf;
				ENABLE_STRICT_OBJC_MSGSEND = YES;
				ENABLE_TESTABILITY = YES;
				GCC_C_LANGUAGE_STANDARD = gnu11;
				GCC_DYNAMIC_NO_PIC = NO;
				GCC_NO_COMMON_BLOCKS = YES;
				GCC_OPTIMIZATION_LEVEL = 0;
				GCC_PREPROCESSOR_DEFINITIONS = (
					"DEBUG=1",
					"$(inherited)",
				);
				GCC_WARN_64_TO_32_BIT_CONVERSION = YES;
				GCC_WARN_ABOUT_RETURN_TYPE = YES_ERROR;
				GCC_WARN_UNDECLARED_SELECTOR = YES;
				GCC_WARN_UNINITIALIZED_AUTOS = YES_AGGRESSIVE;
				GCC_WARN_UNUSED_FUNCTION = YES;
				GCC_WARN_UNUSED_VARIABLE = YES;
				IPHONEOS_DEPLOYMENT_TARGET = 12.4;
				MTL_ENABLE_DEBUG_INFO = INCLUDE_SOURCE;
				MTL_FAST_MATH = YES;
				ONLY_ACTIVE_ARCH = YES;
				SDKROOT = iphoneos;
				SWIFT_ACTIVE_COMPILATION_CONDITIONS = DEBUG;
				SWIFT_OPTIMIZATION_LEVEL = "-Onone";
			};
			name = Debug;
		};
		BD2ED1C822F2858A00D6C463 /* Release */ = {
			isa = XCBuildConfiguration;
			buildSettings = {
				ALWAYS_SEARCH_USER_PATHS = NO;
				CLANG_ANALYZER_NONNULL = YES;
				CLANG_ANALYZER_NUMBER_OBJECT_CONVERSION = YES_AGGRESSIVE;
				CLANG_CXX_LANGUAGE_STANDARD = "gnu++14";
				CLANG_CXX_LIBRARY = "libc++";
				CLANG_ENABLE_MODULES = YES;
				CLANG_ENABLE_OBJC_ARC = YES;
				CLANG_ENABLE_OBJC_WEAK = YES;
				CLANG_WARN_BLOCK_CAPTURE_AUTORELEASING = YES;
				CLANG_WARN_BOOL_CONVERSION = YES;
				CLANG_WARN_COMMA = YES;
				CLANG_WARN_CONSTANT_CONVERSION = YES;
				CLANG_WARN_DEPRECATED_OBJC_IMPLEMENTATIONS = YES;
				CLANG_WARN_DIRECT_OBJC_ISA_USAGE = YES_ERROR;
				CLANG_WARN_DOCUMENTATION_COMMENTS = YES;
				CLANG_WARN_EMPTY_BODY = YES;
				CLANG_WARN_ENUM_CONVERSION = YES;
				CLANG_WARN_INFINITE_RECURSION = YES;
				CLANG_WARN_INT_CONVERSION = YES;
				CLANG_WARN_NON_LITERAL_NULL_CONVERSION = YES;
				CLANG_WARN_OBJC_IMPLICIT_RETAIN_SELF = YES;
				CLANG_WARN_OBJC_LITERAL_CONVERSION = YES;
				CLANG_WARN_OBJC_ROOT_CLASS = YES_ERROR;
				CLANG_WARN_RANGE_LOOP_ANALYSIS = YES;
				CLANG_WARN_STRICT_PROTOTYPES = YES;
				CLANG_WARN_SUSPICIOUS_MOVE = YES;
				CLANG_WARN_UNGUARDED_AVAILABILITY = YES_AGGRESSIVE;
				CLANG_WARN_UNREACHABLE_CODE = YES;
				CLANG_WARN__DUPLICATE_METHOD_MATCH = YES;
				CODE_SIGN_IDENTITY = "iPhone Developer";
				COPY_PHASE_STRIP = NO;
				DEBUG_INFORMATION_FORMAT = "dwarf-with-dsym";
				ENABLE_NS_ASSERTIONS = NO;
				ENABLE_STRICT_OBJC_MSGSEND = YES;
				GCC_C_LANGUAGE_STANDARD = gnu11;
				GCC_NO_COMMON_BLOCKS = YES;
				GCC_WARN_64_TO_32_BIT_CONVERSION = YES;
				GCC_WARN_ABOUT_RETURN_TYPE = YES_ERROR;
				GCC_WARN_UNDECLARED_SELECTOR = YES;
				GCC_WARN_UNINITIALIZED_AUTOS = YES_AGGRESSIVE;
				GCC_WARN_UNUSED_FUNCTION = YES;
				GCC_WARN_UNUSED_VARIABLE = YES;
				IPHONEOS_DEPLOYMENT_TARGET = 12.4;
				MTL_ENABLE_DEBUG_INFO = NO;
				MTL_FAST_MATH = YES;
				SDKROOT = iphoneos;
				SWIFT_COMPILATION_MODE = wholemodule;
				SWIFT_OPTIMIZATION_LEVEL = "-O";
				VALIDATE_PRODUCT = YES;
			};
			name = Release;
		};
		BD2ED1CA22F2858A00D6C463 /* Debug */ = {
			isa = XCBuildConfiguration;
			baseConfigurationReference = 59E21329A7F5D852297B8671 /* Pods-UT-Demo.debug.xcconfig */;
			buildSettings = {
				ASSETCATALOG_COMPILER_APPICON_NAME = AppIcon;
				CODE_SIGN_STYLE = Automatic;
				DEVELOPMENT_TEAM = AHXTE7489Q;
				INFOPLIST_FILE = "UT-Demo/Info.plist";
				LD_RUNPATH_SEARCH_PATHS = (
					"$(inherited)",
					"@executable_path/Frameworks",
				);
				PRODUCT_BUNDLE_IDENTIFIER = "test.UT-Demo";
				PRODUCT_NAME = "$(TARGET_NAME)";
				SWIFT_VERSION = 5.0;
				TARGETED_DEVICE_FAMILY = "1,2";
			};
			name = Debug;
		};
		BD2ED1CB22F2858A00D6C463 /* Release */ = {
			isa = XCBuildConfiguration;
			baseConfigurationReference = B600EFF7880946B58E833AD6 /* Pods-UT-Demo.release.xcconfig */;
			buildSettings = {
				ASSETCATALOG_COMPILER_APPICON_NAME = AppIcon;
				CODE_SIGN_STYLE = Automatic;
				DEVELOPMENT_TEAM = AHXTE7489Q;
				INFOPLIST_FILE = "UT-Demo/Info.plist";
				LD_RUNPATH_SEARCH_PATHS = (
					"$(inherited)",
					"@executable_path/Frameworks",
				);
				PRODUCT_BUNDLE_IDENTIFIER = "test.UT-Demo";
				PRODUCT_NAME = "$(TARGET_NAME)";
				SWIFT_VERSION = 5.0;
				TARGETED_DEVICE_FAMILY = "1,2";
			};
			name = Release;
		};
/* End XCBuildConfiguration section */

/* Begin XCConfigurationList section */
		BD249BDF22F7D4D800B13553 /* Build configuration list for PBXNativeTarget "UT-DemoTests" */ = {
			isa = XCConfigurationList;
			buildConfigurations = (
				BD249BDD22F7D4D800B13553 /* Debug */,
				BD249BDE22F7D4D800B13553 /* Release */,
			);
			defaultConfigurationIsVisible = 0;
			defaultConfigurationName = Release;
		};
		BD2ED1A722F2858900D6C463 /* Build configuration list for PBXProject "UT-Demo" */ = {
			isa = XCConfigurationList;
			buildConfigurations = (
				BD2ED1C722F2858A00D6C463 /* Debug */,
				BD2ED1C822F2858A00D6C463 /* Release */,
			);
			defaultConfigurationIsVisible = 0;
			defaultConfigurationName = Release;
		};
		BD2ED1C922F2858A00D6C463 /* Build configuration list for PBXNativeTarget "UT-Demo" */ = {
			isa = XCConfigurationList;
			buildConfigurations = (
				BD2ED1CA22F2858A00D6C463 /* Debug */,
				BD2ED1CB22F2858A00D6C463 /* Release */,
			);
			defaultConfigurationIsVisible = 0;
			defaultConfigurationName = Release;
		};
/* End XCConfigurationList section */
	};
	rootObject = BD2ED1A422F2858900D6C463 /* Project object */;
}
